// !$*UTF8*$!
{
	archiveVersion = 1;
	classes = {
	};
	objectVersion = 48;
	objects = {

/* Begin PBXBuildFile section */
		CAFD018D204D94FB0055CD74 /* AppDelegate.m in Sources */ = {isa = PBXBuildFile; fileRef = CAFD018C204D94FB0055CD74 /* AppDelegate.m */; };
		CAFD0190204D94FB0055CD74 /* ViewController.m in Sources */ = {isa = PBXBuildFile; fileRef = CAFD018F204D94FB0055CD74 /* ViewController.m */; };
		CAFD0193204D94FB0055CD74 /* Main.storyboard in Resources */ = {isa = PBXBuildFile; fileRef = CAFD0191204D94FB0055CD74 /* Main.storyboard */; };
		CAFD0195204D94FB0055CD74 /* Assets.xcassets in Resources */ = {isa = PBXBuildFile; fileRef = CAFD0194204D94FB0055CD74 /* Assets.xcassets */; };
		CAFD0198204D94FB0055CD74 /* LaunchScreen.storyboard in Resources */ = {isa = PBXBuildFile; fileRef = CAFD0196204D94FB0055CD74 /* LaunchScreen.storyboard */; };
		CAFD019B204D94FB0055CD74 /* main.m in Sources */ = {isa = PBXBuildFile; fileRef = CAFD019A204D94FB0055CD74 /* main.m */; };
/* End PBXBuildFile section */

/* Begin PBXFileReference section */
		CAFD0188204D94FB0055CD74 /* beacontest2.app */ = {isa = PBXFileReference; explicitFileType = wrapper.application; includeInIndex = 0; path = beacontest2.app; sourceTree = BUILT_PRODUCTS_DIR; };
		CAFD018B204D94FB0055CD74 /* AppDelegate.h */ = {isa = PBXFileReference; lastKnownFileType = sourcecode.c.h; path = AppDelegate.h; sourceTree = "<group>"; };
		CAFD018C204D94FB0055CD74 /* AppDelegate.m */ = {isa = PBXFileReference; lastKnownFileType = sourcecode.c.objc; path = AppDelegate.m; sourceTree = "<group>"; };
		CAFD018E204D94FB0055CD74 /* ViewController.h */ = {isa = PBXFileReference; lastKnownFileType = sourcecode.c.h; path = ViewController.h; sourceTree = "<group>"; };
		CAFD018F204D94FB0055CD74 /* ViewController.m */ = {isa = PBXFileReference; lastKnownFileType = sourcecode.c.objc; path = ViewController.m; sourceTree = "<group>"; };
		CAFD0192204D94FB0055CD74 /* Base */ = {isa = PBXFileReference; lastKnownFileType = file.storyboard; name = Base; path = Base.lproj/Main.storyboard; sourceTree = "<group>"; };
		CAFD0194204D94FB0055CD74 /* Assets.xcassets */ = {isa = PBXFileReference; lastKnownFileType = folder.assetcatalog; path = Assets.xcassets; sourceTree = "<group>"; };
		CAFD0197204D94FB0055CD74 /* Base */ = {isa = PBXFileReference; lastKnownFileType = file.storyboard; name = Base; path = Base.lproj/LaunchScreen.storyboard; sourceTree = "<group>"; };
		CAFD0199204D94FB0055CD74 /* Info.plist */ = {isa = PBXFileReference; lastKnownFileType = text.plist.xml; path = Info.plist; sourceTree = "<group>"; };
		CAFD019A204D94FB0055CD74 /* main.m */ = {isa = PBXFileReference; lastKnownFileType = sourcecode.c.objc; path = main.m; sourceTree = "<group>"; };
		CAFD01A1204DB0D90055CD74 /* README.md */ = {isa = PBXFileReference; lastKnownFileType = net.daringfireball.markdown; path = README.md; sourceTree = "<group>"; };
/* End PBXFileReference section */

/* Begin PBXFrameworksBuildPhase section */
		CAFD0185204D94FB0055CD74 /* Frameworks */ = {
			isa = PBXFrameworksBuildPhase;
			buildActionMask = 2147483647;
			files = (
			);
			runOnlyForDeploymentPostprocessing = 0;
		};
/* End PBXFrameworksBuildPhase section */

/* Begin PBXGroup section */
		CAFD017F204D94FB0055CD74 = {
			isa = PBXGroup;
			children = (
				CAFD01A1204DB0D90055CD74 /* README.md */,
				CAFD018A204D94FB0055CD74 /* beacontest2 */,
				CAFD0189204D94FB0055CD74 /* Products */,
			);
			sourceTree = "<group>";
		};
		CAFD0189204D94FB0055CD74 /* Products */ = {
			isa = PBXGroup;
			children = (
				CAFD0188204D94FB0055CD74 /* beacontest2.app */,
			);
			name = Products;
			sourceTree = "<group>";
		};
		CAFD018A204D94FB0055CD74 /* beacontest2 */ = {
			isa = PBXGroup;
			children = (
				CAFD018B204D94FB0055CD74 /* AppDelegate.h */,
				CAFD018C204D94FB0055CD74 /* AppDelegate.m */,
				CAFD018E204D94FB0055CD74 /* ViewController.h */,
				CAFD018F204D94FB0055CD74 /* ViewController.m */,
				CAFD0191204D94FB0055CD74 /* Main.storyboard */,
				CAFD0194204D94FB0055CD74 /* Assets.xcassets */,
				CAFD0196204D94FB0055CD74 /* LaunchScreen.storyboard */,
				CAFD0199204D94FB0055CD74 /* Info.plist */,
				CAFD019A204D94FB0055CD74 /* main.m */,
			);
			path = beacontest2;
			sourceTree = "<group>";
		};
/* End PBXGroup section */

/* Begin PBXNativeTarget section */
		CAFD0187204D94FB0055CD74 /* beacontest2 */ = {
			isa = PBXNativeTarget;
			buildConfigurationList = CAFD019E204D94FB0055CD74 /* Build configuration list for PBXNativeTarget "beacontest2" */;
			buildPhases = (
				CAFD0184204D94FB0055CD74 /* Sources */,
				CAFD0185204D94FB0055CD74 /* Frameworks */,
				CAFD0186204D94FB0055CD74 /* Resources */,
			);
			buildRules = (
			);
			dependencies = (
			);
			name = beacontest2;
			productName = beacontest2;
			productReference = CAFD0188204D94FB0055CD74 /* beacontest2.app */;
			productType = "com.apple.product-type.application";
		};
/* End PBXNativeTarget section */

/* Begin PBXProject section */
		CAFD0180204D94FB0055CD74 /* Project object */ = {
			isa = PBXProject;
			attributes = {
				LastUpgradeCheck = 0920;
				ORGANIZATIONNAME = endform.net;
				TargetAttributes = {
					CAFD0187204D94FB0055CD74 = {
						CreatedOnToolsVersion = 9.2;
						ProvisioningStyle = Automatic;
						SystemCapabilities = {
							com.apple.BackgroundModes = {
								enabled = 1;
							};
						};
					};
				};
			};
			buildConfigurationList = CAFD0183204D94FB0055CD74 /* Build configuration list for PBXProject "beacontest2" */;
			compatibilityVersion = "Xcode 8.0";
			developmentRegion = en;
			hasScannedForEncodings = 0;
			knownRegions = (
				en,
				Base,
			);
			mainGroup = CAFD017F204D94FB0055CD74;
			productRefGroup = CAFD0189204D94FB0055CD74 /* Products */;
			projectDirPath = "";
			projectRoot = "";
			targets = (
				CAFD0187204D94FB0055CD74 /* beacontest2 */,
			);
		};
/* End PBXProject section */

/* Begin PBXResourcesBuildPhase section */
		CAFD0186204D94FB0055CD74 /* Resources */ = {
			isa = PBXResourcesBuildPhase;
			buildActionMask = 2147483647;
			files = (
				CAFD0198204D94FB0055CD74 /* LaunchScreen.storyboard in Resources */,
				CAFD0195204D94FB0055CD74 /* Assets.xcassets in Resources */,
				CAFD0193204D94FB0055CD74 /* Main.storyboard in Resources */,
			);
			runOnlyForDeploymentPostprocessing = 0;
		};
/* End PBXResourcesBuildPhase section */

/* Begin PBXSourcesBuildPhase section */
		CAFD0184204D94FB0055CD74 /* Sources */ = {
			isa = PBXSourcesBuildPhase;
			buildActionMask = 2147483647;
			files = (
				CAFD0190204D94FB0055CD74 /* ViewController.m in Sources */,
				CAFD019B204D94FB0055CD74 /* main.m in Sources */,
				CAFD018D204D94FB0055CD74 /* AppDelegate.m in Sources */,
			);
			runOnlyForDeploymentPostprocessing = 0;
		};
/* End PBXSourcesBuildPhase section */

/* Begin PBXVariantGroup section */
		CAFD0191204D94FB0055CD74 /* Main.storyboard */ = {
			isa = PBXVariantGroup;
			children = (
				CAFD0192204D94FB0055CD74 /* Base */,
			);
			name = Main.storyboard;
			sourceTree = "<group>";
		};
		CAFD0196204D94FB0055CD74 /* LaunchScreen.storyboard */ = {
			isa = PBXVariantGroup;
			children = (
				CAFD0197204D94FB0055CD74 /* Base */,
			);
			name = LaunchScreen.storyboard;
			sourceTree = "<group>";
		};
/* End PBXVariantGroup section */

/* Begin XCBuildConfiguration section */
		CAFD019C204D94FB0055CD74 /* Debug */ = {
			isa = XCBuildConfiguration;
			buildSettings = {
				ALWAYS_SEARCH_USER_PATHS = NO;
				CLANG_ANALYZER_NONNULL = YES;
				CLANG_ANALYZER_NUMBER_OBJECT_CONVERSION = YES_AGGRESSIVE;
				CLANG_CXX_LANGUAGE_STANDARD = "gnu++14";
				CLANG_CXX_LIBRARY = "libc++";
				CLANG_ENABLE_MODULES = YES;
				CLANG_ENABLE_OBJC_ARC = YES;
				CLANG_WARN_BLOCK_CAPTURE_AUTORELEASING = YES;
				CLANG_WARN_BOOL_CONVERSION = YES;
				CLANG_WARN_COMMA = YES;
				CLANG_WARN_CONSTANT_CONVERSION = YES;
				CLANG_WARN_DIRECT_OBJC_ISA_USAGE = YES_ERROR;
				CLANG_WARN_DOCUMENTATION_COMMENTS = YES;
				CLANG_WARN_EMPTY_BODY = YES;
				CLANG_WARN_ENUM_CONVERSION = YES;
				CLANG_WARN_INFINITE_RECURSION = YES;
				CLANG_WARN_INT_CONVERSION = YES;
				CLANG_WARN_NON_LITERAL_NULL_CONVERSION = YES;
				CLANG_WARN_OBJC_LITERAL_CONVERSION = YES;
				CLANG_WARN_OBJC_ROOT_CLASS = YES_ERROR;
				CLANG_WARN_RANGE_LOOP_ANALYSIS = YES;
				CLANG_WARN_STRICT_PROTOTYPES = YES;
				CLANG_WARN_SUSPICIOUS_MOVE = YES;
				CLANG_WARN_UNGUARDED_AVAILABILITY = YES_AGGRESSIVE;
				CLANG_WARN_UNREACHABLE_CODE = YES;
				CLANG_WARN__DUPLICATE_METHOD_MATCH = YES;
				CODE_SIGN_IDENTITY = "iPhone Developer";
				COPY_PHASE_STRIP = NO;
				DEBUG_INFORMATION_FORMAT = dwarf;
				ENABLE_STRICT_OBJC_MSGSEND = YES;
				ENABLE_TESTABILITY = YES;
				GCC_C_LANGUAGE_STANDARD = gnu11;
				GCC_DYNAMIC_NO_PIC = NO;
				GCC_NO_COMMON_BLOCKS = YES;
				GCC_OPTIMIZATION_LEVEL = 0;
				GCC_PREPROCESSOR_DEFINITIONS = (
					"DEBUG=1",
					"$(inherited)",
				);
				GCC_WARN_64_TO_32_BIT_CONVERSION = YES;
				GCC_WARN_ABOUT_RETURN_TYPE = YES_ERROR;
				GCC_WARN_UNDECLARED_SELECTOR = YES;
				GCC_WARN_UNINITIALIZED_AUTOS = YES_AGGRESSIVE;
				GCC_WARN_UNUSED_FUNCTION = YES;
				GCC_WARN_UNUSED_VARIABLE = YES;
				IPHONEOS_DEPLOYMENT_TARGET = 11.2;
				MTL_ENABLE_DEBUG_INFO = YES;
				ONLY_ACTIVE_ARCH = YES;
				SDKROOT = iphoneos;
			};
			name = Debug;
		};
		CAFD019D204D94FB0055CD74 /* Release */ = {
			isa = XCBuildConfiguration;
			buildSettings = {
				ALWAYS_SEARCH_USER_PATHS = NO;
				CLANG_ANALYZER_NONNULL = YES;
				CLANG_ANALYZER_NUMBER_OBJECT_CONVERSION = YES_AGGRESSIVE;
				CLANG_CXX_LANGUAGE_STANDARD = "gnu++14";
				CLANG_CXX_LIBRARY = "libc++";
				CLANG_ENABLE_MODULES = YES;
				CLANG_ENABLE_OBJC_ARC = YES;
				CLANG_WARN_BLOCK_CAPTURE_AUTORELEASING = YES;
				CLANG_WARN_BOOL_CONVERSION = YES;
				CLANG_WARN_COMMA = YES;
				CLANG_WARN_CONSTANT_CONVERSION = YES;
				CLANG_WARN_DIRECT_OBJC_ISA_USAGE = YES_ERROR;
				CLANG_WARN_DOCUMENTATION_COMMENTS = YES;
				CLANG_WARN_EMPTY_BODY = YES;
				CLANG_WARN_ENUM_CONVERSION = YES;
				CLANG_WARN_INFINITE_RECURSION = YES;
				CLANG_WARN_INT_CONVERSION = YES;
				CLANG_WARN_NON_LITERAL_NULL_CONVERSION = YES;
				CLANG_WARN_OBJC_LITERAL_CONVERSION = YES;
				CLANG_WARN_OBJC_ROOT_CLASS = YES_ERROR;
				CLANG_WARN_RANGE_LOOP_ANALYSIS = YES;
				CLANG_WARN_STRICT_PROTOTYPES = YES;
				CLANG_WARN_SUSPICIOUS_MOVE = YES;
				CLANG_WARN_UNGUARDED_AVAILABILITY = YES_AGGRESSIVE;
				CLANG_WARN_UNREACHABLE_CODE = YES;
				CLANG_WARN__DUPLICATE_METHOD_MATCH = YES;
				CODE_SIGN_IDENTITY = "iPhone Developer";
				COPY_PHASE_STRIP = NO;
				DEBUG_INFORMATION_FORMAT = "dwarf-with-dsym";
				ENABLE_NS_ASSERTIONS = NO;
				ENABLE_STRICT_OBJC_MSGSEND = YES;
				GCC_C_LANGUAGE_STANDARD = gnu11;
				GCC_NO_COMMON_BLOCKS = YES;
				GCC_WARN_64_TO_32_BIT_CONVERSION = YES;
				GCC_WARN_ABOUT_RETURN_TYPE = YES_ERROR;
				GCC_WARN_UNDECLARED_SELECTOR = YES;
				GCC_WARN_UNINITIALIZED_AUTOS = YES_AGGRESSIVE;
				GCC_WARN_UNUSED_FUNCTION = YES;
				GCC_WARN_UNUSED_VARIABLE = YES;
				IPHONEOS_DEPLOYMENT_TARGET = 11.2;
				MTL_ENABLE_DEBUG_INFO = NO;
				SDKROOT = iphoneos;
				VALIDATE_PRODUCT = YES;
			};
			name = Release;
		};
		CAFD019F204D94FB0055CD74 /* Debug */ = {
			isa = XCBuildConfiguration;
			buildSettings = {
				ASSETCATALOG_COMPILER_APPICON_NAME = AppIcon;
				CODE_SIGN_STYLE = Automatic;
				DEVELOPMENT_TEAM = "";
				INFOPLIST_FILE = beacontest2/Info.plist;
				IPHONEOS_DEPLOYMENT_TARGET = 10.3;
				LD_RUNPATH_SEARCH_PATHS = "$(inherited) @executable_path/Frameworks";
				PRODUCT_BUNDLE_IDENTIFIER = com.company.beacontest2;
				PRODUCT_NAME = "$(TARGET_NAME)";
				TARGETED_DEVICE_FAMILY = "1,2";
			};
			name = Debug;
		};
		CAFD01A0204D94FB0055CD74 /* Release */ = {
			isa = XCBuildConfiguration;
			buildSettings = {
				ASSETCATALOG_COMPILER_APPICON_NAME = AppIcon;
				CODE_SIGN_STYLE = Automatic;
				DEVELOPMENT_TEAM = "";
				INFOPLIST_FILE = beacontest2/Info.plist;
				IPHONEOS_DEPLOYMENT_TARGET = 10.3;
				LD_RUNPATH_SEARCH_PATHS = "$(inherited) @executable_path/Frameworks";
				PRODUCT_BUNDLE_IDENTIFIER = com.company.beacontest2;
				PRODUCT_NAME = "$(TARGET_NAME)";
				TARGETED_DEVICE_FAMILY = "1,2";
			};
			name = Release;
		};
/* End XCBuildConfiguration section */

/* Begin XCConfigurationList section */
		CAFD0183204D94FB0055CD74 /* Build configuration list for PBXProject "beacontest2" */ = {
			isa = XCConfigurationList;
			buildConfigurations = (
				CAFD019C204D94FB0055CD74 /* Debug */,
				CAFD019D204D94FB0055CD74 /* Release */,
			);
			defaultConfigurationIsVisible = 0;
			defaultConfigurationName = Release;
		};
		CAFD019E204D94FB0055CD74 /* Build configuration list for PBXNativeTarget "beacontest2" */ = {
			isa = XCConfigurationList;
			buildConfigurations = (
				CAFD019F204D94FB0055CD74 /* Debug */,
				CAFD01A0204D94FB0055CD74 /* Release */,
			);
			defaultConfigurationIsVisible = 0;
			defaultConfigurationName = Release;
		};
/* End XCConfigurationList section */
	};
	rootObject = CAFD0180204D94FB0055CD74 /* Project object */;
}
